
Microsoft Visual Studio Solution File, Format Version 12.00
# Visual Studio Version 17
VisualStudioVersion = 17.1.32414.318
MinimumVisualStudioVersion = 10.0.40219.1
Project("{FAE04EC0-301F-11D3-BF4B-00C04F79EFBC}") = "Run8ModelTools", "Run8ModelTools\Run8ModelTools.csproj", "{E1973C78-3A23-4E43-A34F-224FBD541A53}"
EndProject
Global
	GlobalSection(SolutionConfigurationPlatforms) = preSolution
		Debug|Any CPU = Debug|Any CPU
		Release|Any CPU = Release|Any CPU
	EndGlobalSection
	GlobalSection(ProjectConfigurationPlatforms) = postSolution
		{E1973C78-3A23-4E43-A34F-224FBD541A53}.Debug|Any CPU.ActiveCfg = Debug|Any CPU
		{E1973C78-3A23-4E43-A34F-224FBD541A53}.Debug|Any CPU.Build.0 = Debug|Any CPU
		{E1973C78-3A23-4E43-A34F-224FBD541A53}.Release|Any CPU.ActiveCfg = Release|Any CPU
		{E1973C78-3A23-4E43-A34F-224FBD541A53}.Release|Any CPU.Build.0 = Release|Any CPU
	EndGlobalSection
	GlobalSection(SolutionProperties) = preSolution
		HideSolutionNode = FALSE
	EndGlobalSection
	GlobalSection(ExtensibilityGlobals) = postSolution
		SolutionGuid = {C1368965-6F8A-49C4-9D4D-E8F17B96E87A}
	EndGlobalSection
EndGlobal
